version = 1
requires-python = ">=3.10"

[[package]]
name = "evaluation"
version = "0.1.0"
source = { virtual = "." }
dependencies = [
    { name = "polars" },
]

[package.metadata]
requires-dist = [{ name = "polars", specifier = ">=1.8.2" }]

[[package]]
name = "polars"
version = "1.8.2"
source = { registry = "https://pypi.org/simple" }
sdist = { url = "https://files.pythonhosted.org/packages/3d/75/2196c26fe049ecce55a0fa87b22ab3d9477bc9bab38116ed04854fc65ecb/polars-1.8.2.tar.gz", hash = "sha256:42f69277d5be2833b0b826af5e75dcf430222d65c9633872856e176a0bed27a0", size = 4010537 }
wheels = [
    { url = "https://files.pythonhosted.org/packages/b5/8b/6829e22a0f4c6e754c2e2b5d81025ab14d7b214018119762f52bad7325aa/polars-1.8.2-cp38-abi3-macosx_10_12_x86_64.whl", hash = "sha256:114be1ebfb051b794fb9e1f15999430c79cc0824595e237d3f45632be3e56d73", size = 31165933 },
    { url = "https://files.pythonhosted.org/packages/8f/cd/5d6b837f42c1b6d87012beca940a075e450a352ab717a649000c2ec57d71/polars-1.8.2-cp38-abi3-macosx_11_0_arm64.whl", hash = "sha256:e4fc36cfe48972d4c5be21a7cb119d6378fb7af0bb3eeb61456b66a1f43228e3", size = 27488552 },
    { url = "https://files.pythonhosted.org/packages/a7/f3/c317b1bc6759d1ec343c25d5ebd376a07a2e1fd2bd04fdc07ce6b2a855c4/polars-1.8.2-cp38-abi3-manylinux_2_17_x86_64.manylinux2014_x86_64.whl", hash = "sha256:67c1e448d6e38697650b22dd359f13c40b567c0b66686c8602e4367400e87801", size = 32548666 },
    { url = "https://files.pythonhosted.org/packages/1d/df/5ccf44218728caecda9f555879b40fe4ab34ff629c81b9117a1107437fdc/polars-1.8.2-cp38-abi3-manylinux_2_24_aarch64.whl", hash = "sha256:570ee86b033dc5a6dbe2cb0df48522301642f304dda3da48f53d7488899a2206", size = 29187225 },
    { url = "https://files.pythonhosted.org/packages/9c/45/77e4fda23368907c06bf70fc722de28d442c5087bbc8a60c29b8396750ea/polars-1.8.2-cp38-abi3-win_amd64.whl", hash = "sha256:ce1a1c1e2150ffcc44a5f1c461d738e1dcd95abbd0f210af0271c7ac0c9f7ef9", size = 32394690 },
]
